
Microsoft Visual Studio Solution File, Format Version 12.00
# Visual Studio Version 16
VisualStudioVersion = 16.0.31205.134
MinimumVisualStudioVersion = 10.0.40219.1
Project("{9A19103F-16F7-4668-BE54-9A1E7A4F7556}") = "BlazorCharts.Doc", "BlazorCharts.Doc\BlazorCharts.Doc.csproj", "{875F38E9-3B92-4C3A-8C48-BBEC053C463A}"
EndProject
Project("{FAE04EC0-301F-11D3-BF4B-00C04F79EFBC}") = "BlazorCharts", "BlazorCharts\BlazorCharts.csproj", "{89B39078-912F-46F8-B7EB-580740161FB3}"
EndProject
Global
	GlobalSection(SolutionConfigurationPlatforms) = preSolution
		Debug|Any CPU = Debug|Any CPU
		Release|Any CPU = Release|Any CPU
	EndGlobalSection
	GlobalSection(ProjectConfigurationPlatforms) = postSolution
		{875F38E9-3B92-4C3A-8C48-BBEC053C463A}.Debug|Any CPU.ActiveCfg = Debug|Any CPU
		{875F38E9-3B92-4C3A-8C48-BBEC053C463A}.Debug|Any CPU.Build.0 = Debug|Any CPU
		{875F38E9-3B92-4C3A-8C48-BBEC053C463A}.Release|Any CPU.ActiveCfg = Release|Any CPU
		{875F38E9-3B92-4C3A-8C48-BBEC053C463A}.Release|Any CPU.Build.0 = Release|Any CPU
		{89B39078-912F-46F8-B7EB-580740161FB3}.Debug|Any CPU.ActiveCfg = Debug|Any CPU
		{89B39078-912F-46F8-B7EB-580740161FB3}.Debug|Any CPU.Build.0 = Debug|Any CPU
		{89B39078-912F-46F8-B7EB-580740161FB3}.Release|Any CPU.ActiveCfg = Release|Any CPU
		{89B39078-912F-46F8-B7EB-580740161FB3}.Release|Any CPU.Build.0 = Release|Any CPU
	EndGlobalSection
	GlobalSection(SolutionProperties) = preSolution
		HideSolutionNode = FALSE
	EndGlobalSection
	GlobalSection(ExtensibilityGlobals) = postSolution
		SolutionGuid = {0A77FF9C-3B4A-4D7D-9B2F-5BF6828F3A95}
	EndGlobalSection
EndGlobal
